<?xml version="1.0" encoding="utf-8"?>
<Project ToolsVersion="4.0" xmlns="http://schemas.microsoft.com/developer/msbuild/2003">
  <ItemGroup>
    <Filter Include="Source Files">
      <UniqueIdentifier>{4FC737F1-C7A5-4376-A066-2A32D752A2FF}</UniqueIdentifier>
      <Extensions>cpp;c;cc;cxx;def;odl;idl;hpj;bat;asm;asmx</Extensions>
    </Filter>
    <Filter Include="Header Files">
      <UniqueIdentifier>{93995380-89BD-4b04-88EB-625FBE52EBFB}</UniqueIdentifier>
      <Extensions>h;hh;hpp;hxx;hm;inl;inc;xsd</Extensions>
    </Filter>
    <Filter Include="Resource Files">
      <UniqueIdentifier>{67DA6AB6-F800-4c08-8B7A-83BB121AAD01}</UniqueIdentifier>
      <Extensions>rc;ico;cur;bmp;dlg;rc2;rct;bin;rgs;gif;jpg;jpeg;jpe;resx;tiff;tif;png;wav;mfcribbon-ms</Extensions>
    </Filter>
    <Filter Include="Header Files\Cafe">
      <UniqueIdentifier>{54b4db55-f0f7-4bc8-9594-2ce479b7566b}</UniqueIdentifier>
    </Filter>
    <Filter Include="Source Files\Cafe">
      <UniqueIdentifier>{fb91443a-5eda-4f87-afb9-06dcd4957f6f}</UniqueIdentifier>
    </Filter>
    <Filter Include="Source Files\Customer">
      <UniqueIdentifier>{4cede268-82b4-4e3d-899f-c0b69275b4de}</UniqueIdentifier>
    </Filter>
    <Filter Include="Header Files\Customer">
      <UniqueIdentifier>{3ea2bdfb-b7cd-4b76-9518-9cf2eb7b4c22}</UniqueIdentifier>
    </Filter>
  </ItemGroup>
  <ItemGroup>
    <ClCompile Include="Recipe.cpp">
      <Filter>Source Files\Cafe</Filter>
    </ClCompile>
    <ClCompile Include="Barista.cpp">
      <Filter>Source Files\Cafe</Filter>
    </ClCompile>
    <ClCompile Include="Cafe.cpp">
      <Filter>Source Files\Cafe</Filter>
    </ClCompile>
    <ClCompile Include="Coffee.cpp">
      <Filter>Source Files\Cafe</Filter>
    </ClCompile>
    <ClCompile Include="CoffeeBean.cpp">
      <Filter>Source Files\Cafe</Filter>
    </ClCompile>
    <ClCompile Include="Ingredient.cpp">
      <Filter>Source Files\Cafe</Filter>
    </ClCompile>
    <ClCompile Include="Menu.cpp">
      <Filter>Source Files\Cafe</Filter>
    </ClCompile>
    <ClCompile Include="main.cpp">
      <Filter>Source Files</Filter>
    </ClCompile>
    <ClCompile Include="CliCustomer.cpp">
      <Filter>Source Files\Customer</Filter>
    </ClCompile>
    <ClCompile Include="IngredientList.cpp">
      <Filter>Source Files</Filter>
    </ClCompile>
    <ClCompile Include="Bill.cpp">
      <Filter>Source Files\Cafe</Filter>
    </ClCompile>
    <ClCompile Include="CafeFactory.cpp">
      <Filter>Source Files\Cafe</Filter>
    </ClCompile>
  </ItemGroup>
  <ItemGroup>
    <ClInclude Include="stdafx.h">
      <Filter>Header Files</Filter>
    </ClInclude>
    <ClInclude Include="CafeFactory.h">
      <Filter>Header Files</Filter>
    </ClInclude>
    <ClInclude Include="Cafe.h">
      <Filter>Header Files\Cafe</Filter>
    </ClInclude>
    <ClInclude Include="Barista.h">
      <Filter>Header Files\Cafe</Filter>
    </ClInclude>
    <ClInclude Include="Coffee.h">
      <Filter>Header Files\Cafe</Filter>
    </ClInclude>
    <ClInclude Include="CoffeeBean.h">
      <Filter>Header Files\Cafe</Filter>
    </ClInclude>
    <ClInclude Include="Menu.h">
      <Filter>Header Files\Cafe</Filter>
    </ClInclude>
    <ClInclude Include="Ingredient.h">
      <Filter>Header Files\Cafe</Filter>
    </ClInclude>
    <ClInclude Include="Recipe.h">
      <Filter>Header Files\Cafe</Filter>
    </ClInclude>
    <ClInclude Include="Customer.h">
      <Filter>Header Files\Customer</Filter>
    </ClInclude>
    <ClInclude Include="CliCustomer.h">
      <Filter>Header Files\Customer</Filter>
    </ClInclude>
    <ClInclude Include="Bill.h">
      <Filter>Header Files\Cafe</Filter>
    </ClInclude>
    <ClInclude Include="IngredientList.h">
      <Filter>Header Files\Cafe</Filter>
    </ClInclude>
  </ItemGroup>
  <ItemGroup>
    <Text Include="menu.config">
      <Filter>Resource Files</Filter>
    </Text>
    <Text Include="cafe.config">
      <Filter>Resource Files</Filter>
    </Text>
    <Text Include="ingredient.config">
      <Filter>Resource Files</Filter>
    </Text>
  </ItemGroup>
  <ItemGroup>
    <None Include="ClassDiagram.cd" />
  </ItemGroup>
</Project>